
Microsoft Visual Studio Solution File, Format Version 12.00
# Visual Studio Version 17
VisualStudioVersion = 17.14.36127.28
MinimumVisualStudioVersion = 10.0.40219.1
Project("{FAE04EC0-301F-11D3-BF4B-00C04F79EFBC}") = "qlthietbi_2", "qlthietbi_2.csproj", "{F8EBB5CC-21F8-472A-A117-27946456105B}"
EndProject
Project("{2150E333-8FDC-42A3-9474-1A3956D46DE8}") = "Solution Items", "Solution Items", "{02EA681E-C7D8-13C7-8484-4AC65E1B71E8}"
	ProjectSection(SolutionItems) = preProject
		.editorconfig = .editorconfig
		.gitignore = .gitignore
	EndProjectSection
EndProject
Global
	GlobalSection(SolutionConfigurationPlatforms) = preSolution
		Debug|Any CPU = Debug|Any CPU
		Release|Any CPU = Release|Any CPU
	EndGlobalSection
	GlobalSection(ProjectConfigurationPlatforms) = postSolution
		{F8EBB5CC-21F8-472A-A117-27946456105B}.Debug|Any CPU.ActiveCfg = Debug|Any CPU
		{F8EBB5CC-21F8-472A-A117-27946456105B}.Debug|Any CPU.Build.0 = Debug|Any CPU
		{F8EBB5CC-21F8-472A-A117-27946456105B}.Release|Any CPU.ActiveCfg = Release|Any CPU
		{F8EBB5CC-21F8-472A-A117-27946456105B}.Release|Any CPU.Build.0 = Release|Any CPU
	EndGlobalSection
	GlobalSection(SolutionProperties) = preSolution
		HideSolutionNode = FALSE
	EndGlobalSection
	GlobalSection(ExtensibilityGlobals) = postSolution
		SolutionGuid = {763B8931-5E50-4173-8C7B-B19E91C81752}
	EndGlobalSection
EndGlobal
